
Microsoft Visual Studio Solution File, Format Version 12.00
# Visual Studio Version 17
VisualStudioVersion = 17.3.32819.101
MinimumVisualStudioVersion = 10.0.40219.1
Project("{FAE04EC0-301F-11D3-BF4B-00C04F79EFBC}") = "TranThanhTungBTH2", "TranThanhTungBTH2\TranThanhTungBTH2.csproj", "{F9EEAC8E-5EAA-4ABD-B4D8-003FD9F863FD}"
EndProject
Global
	GlobalSection(SolutionConfigurationPlatforms) = preSolution
		Debug|Any CPU = Debug|Any CPU
		Release|Any CPU = Release|Any CPU
	EndGlobalSection
	GlobalSection(ProjectConfigurationPlatforms) = postSolution
		{F9EEAC8E-5EAA-4ABD-B4D8-003FD9F863FD}.Debug|Any CPU.ActiveCfg = Debug|Any CPU
		{F9EEAC8E-5EAA-4ABD-B4D8-003FD9F863FD}.Debug|Any CPU.Build.0 = Debug|Any CPU
		{F9EEAC8E-5EAA-4ABD-B4D8-003FD9F863FD}.Release|Any CPU.ActiveCfg = Release|Any CPU
		{F9EEAC8E-5EAA-4ABD-B4D8-003FD9F863FD}.Release|Any CPU.Build.0 = Release|Any CPU
	EndGlobalSection
	GlobalSection(SolutionProperties) = preSolution
		HideSolutionNode = FALSE
	EndGlobalSection
	GlobalSection(ExtensibilityGlobals) = postSolution
		SolutionGuid = {C994DE99-A6CC-41C6-A5B3-9D7C703059EE}
	EndGlobalSection
EndGlobal
